
Microsoft Visual Studio Solution File, Format Version 12.00
# Visual Studio Version 16
VisualStudioVersion = 16.0.29409.12
MinimumVisualStudioVersion = 10.0.40219.1
Project("{FAE04EC0-301F-11D3-BF4B-00C04F79EFBC}") = "MemoEngine", "MemoEngine.csproj", "{88102CD6-5E0B-45FC-87C6-98E2487AE024}"
EndProject
Project("{00D1A9C2-B5F0-4AF3-8072-F6C62B433612}") = "MemoEngine.Database", "..\MemoEngine.Database\MemoEngine.Database.sqlproj", "{3D8AD998-EBC8-4514-A918-7CE3484514CB}"
EndProject
Project("{FAE04EC0-301F-11D3-BF4B-00C04F79EFBC}") = "MemoEngine.Answers", "..\MemoEngine.Answers\MemoEngine.Answers.csproj", "{BDC3B400-696C-4DE9-A703-EDFAB0C79672}"
EndProject
Global
	GlobalSection(SolutionConfigurationPlatforms) = preSolution
		Debug|Any CPU = Debug|Any CPU
		Release|Any CPU = Release|Any CPU
	EndGlobalSection
	GlobalSection(ProjectConfigurationPlatforms) = postSolution
		{88102CD6-5E0B-45FC-87C6-98E2487AE024}.Debug|Any CPU.ActiveCfg = Debug|Any CPU
		{88102CD6-5E0B-45FC-87C6-98E2487AE024}.Debug|Any CPU.Build.0 = Debug|Any CPU
		{88102CD6-5E0B-45FC-87C6-98E2487AE024}.Release|Any CPU.ActiveCfg = Release|Any CPU
		{88102CD6-5E0B-45FC-87C6-98E2487AE024}.Release|Any CPU.Build.0 = Release|Any CPU
		{3D8AD998-EBC8-4514-A918-7CE3484514CB}.Debug|Any CPU.ActiveCfg = Debug|Any CPU
		{3D8AD998-EBC8-4514-A918-7CE3484514CB}.Debug|Any CPU.Build.0 = Debug|Any CPU
		{3D8AD998-EBC8-4514-A918-7CE3484514CB}.Debug|Any CPU.Deploy.0 = Debug|Any CPU
		{3D8AD998-EBC8-4514-A918-7CE3484514CB}.Release|Any CPU.ActiveCfg = Release|Any CPU
		{3D8AD998-EBC8-4514-A918-7CE3484514CB}.Release|Any CPU.Build.0 = Release|Any CPU
		{3D8AD998-EBC8-4514-A918-7CE3484514CB}.Release|Any CPU.Deploy.0 = Release|Any CPU
		{BDC3B400-696C-4DE9-A703-EDFAB0C79672}.Debug|Any CPU.ActiveCfg = Debug|Any CPU
		{BDC3B400-696C-4DE9-A703-EDFAB0C79672}.Debug|Any CPU.Build.0 = Debug|Any CPU
		{BDC3B400-696C-4DE9-A703-EDFAB0C79672}.Release|Any CPU.ActiveCfg = Release|Any CPU
		{BDC3B400-696C-4DE9-A703-EDFAB0C79672}.Release|Any CPU.Build.0 = Release|Any CPU
	EndGlobalSection
	GlobalSection(SolutionProperties) = preSolution
		HideSolutionNode = FALSE
	EndGlobalSection
	GlobalSection(ExtensibilityGlobals) = postSolution
		SolutionGuid = {689E56D6-8C7C-434A-997E-382D1F408EA3}
	EndGlobalSection
EndGlobal
